
Microsoft Visual Studio Solution File, Format Version 12.00
# Visual Studio Version 17
VisualStudioVersion = 17.0.32014.148
MinimumVisualStudioVersion = 10.0.40219.1
Project("{FAE04EC0-301F-11D3-BF4B-00C04F79EFBC}") = "ToDoAPP.Android", "ToDoAPP\ToDoAPP.Android\ToDoAPP.Android.csproj", "{BF8ACEFE-DC05-4347-AD31-9176385193DC}"
EndProject
Project("{FAE04EC0-301F-11D3-BF4B-00C04F79EFBC}") = "ToDoAPP.iOS", "ToDoAPP\ToDoAPP.iOS\ToDoAPP.iOS.csproj", "{86DBA116-0AE6-483A-8F1A-76D0A0E9BB4A}"
EndProject
Project("{9A19103F-16F7-4668-BE54-9A1E7A4F7556}") = "ToDoAPP", "ToDoAPP\ToDoAPP\ToDoAPP.csproj", "{613704B8-14E5-4FB7-98E5-F36A46C2873E}"
EndProject
Project("{9A19103F-16F7-4668-BE54-9A1E7A4F7556}") = "TestProject1", "TestProject1\TestProject1.csproj", "{EDCB2B4C-B670-4266-A7F6-D6A9F7321E29}"
EndProject
Project("{9A19103F-16F7-4668-BE54-9A1E7A4F7556}") = "Bussiness", "Bussiness\Bussiness.csproj", "{CAE5FF87-DC2E-4935-9348-6F06BCE9D3DF}"
EndProject
Global
	GlobalSection(SolutionConfigurationPlatforms) = preSolution
		Debug|Any CPU = Debug|Any CPU
		Debug|iPhone = Debug|iPhone
		Debug|iPhoneSimulator = Debug|iPhoneSimulator
		Release|Any CPU = Release|Any CPU
		Release|iPhone = Release|iPhone
		Release|iPhoneSimulator = Release|iPhoneSimulator
	EndGlobalSection
	GlobalSection(ProjectConfigurationPlatforms) = postSolution
		{BF8ACEFE-DC05-4347-AD31-9176385193DC}.Debug|Any CPU.ActiveCfg = Debug|Any CPU
		{BF8ACEFE-DC05-4347-AD31-9176385193DC}.Debug|Any CPU.Build.0 = Debug|Any CPU
		{BF8ACEFE-DC05-4347-AD31-9176385193DC}.Debug|Any CPU.Deploy.0 = Debug|Any CPU
		{BF8ACEFE-DC05-4347-AD31-9176385193DC}.Debug|iPhone.ActiveCfg = Debug|Any CPU
		{BF8ACEFE-DC05-4347-AD31-9176385193DC}.Debug|iPhone.Build.0 = Debug|Any CPU
		{BF8ACEFE-DC05-4347-AD31-9176385193DC}.Debug|iPhone.Deploy.0 = Debug|Any CPU
		{BF8ACEFE-DC05-4347-AD31-9176385193DC}.Debug|iPhoneSimulator.ActiveCfg = Debug|Any CPU
		{BF8ACEFE-DC05-4347-AD31-9176385193DC}.Debug|iPhoneSimulator.Build.0 = Debug|Any CPU
		{BF8ACEFE-DC05-4347-AD31-9176385193DC}.Debug|iPhoneSimulator.Deploy.0 = Debug|Any CPU
		{BF8ACEFE-DC05-4347-AD31-9176385193DC}.Release|Any CPU.ActiveCfg = Release|Any CPU
		{BF8ACEFE-DC05-4347-AD31-9176385193DC}.Release|Any CPU.Build.0 = Release|Any CPU
		{BF8ACEFE-DC05-4347-AD31-9176385193DC}.Release|Any CPU.Deploy.0 = Release|Any CPU
		{BF8ACEFE-DC05-4347-AD31-9176385193DC}.Release|iPhone.ActiveCfg = Release|Any CPU
		{BF8ACEFE-DC05-4347-AD31-9176385193DC}.Release|iPhone.Build.0 = Release|Any CPU
		{BF8ACEFE-DC05-4347-AD31-9176385193DC}.Release|iPhone.Deploy.0 = Release|Any CPU
		{BF8ACEFE-DC05-4347-AD31-9176385193DC}.Release|iPhoneSimulator.ActiveCfg = Release|Any CPU
		{BF8ACEFE-DC05-4347-AD31-9176385193DC}.Release|iPhoneSimulator.Build.0 = Release|Any CPU
		{BF8ACEFE-DC05-4347-AD31-9176385193DC}.Release|iPhoneSimulator.Deploy.0 = Release|Any CPU
		{86DBA116-0AE6-483A-8F1A-76D0A0E9BB4A}.Debug|Any CPU.ActiveCfg = Debug|iPhone
		{86DBA116-0AE6-483A-8F1A-76D0A0E9BB4A}.Debug|Any CPU.Build.0 = Debug|iPhone
		{86DBA116-0AE6-483A-8F1A-76D0A0E9BB4A}.Debug|Any CPU.Deploy.0 = Debug|iPhone
		{86DBA116-0AE6-483A-8F1A-76D0A0E9BB4A}.Debug|iPhone.ActiveCfg = Debug|iPhone
		{86DBA116-0AE6-483A-8F1A-76D0A0E9BB4A}.Debug|iPhone.Build.0 = Debug|iPhone
		{86DBA116-0AE6-483A-8F1A-76D0A0E9BB4A}.Debug|iPhone.Deploy.0 = Debug|iPhone
		{86DBA116-0AE6-483A-8F1A-76D0A0E9BB4A}.Debug|iPhoneSimulator.ActiveCfg = Debug|iPhoneSimulator
		{86DBA116-0AE6-483A-8F1A-76D0A0E9BB4A}.Debug|iPhoneSimulator.Build.0 = Debug|iPhoneSimulator
		{86DBA116-0AE6-483A-8F1A-76D0A0E9BB4A}.Debug|iPhoneSimulator.Deploy.0 = Debug|iPhoneSimulator
		{86DBA116-0AE6-483A-8F1A-76D0A0E9BB4A}.Release|Any CPU.ActiveCfg = Release|iPhoneSimulator
		{86DBA116-0AE6-483A-8F1A-76D0A0E9BB4A}.Release|Any CPU.Build.0 = Release|iPhoneSimulator
		{86DBA116-0AE6-483A-8F1A-76D0A0E9BB4A}.Release|Any CPU.Deploy.0 = Release|iPhoneSimulator
		{86DBA116-0AE6-483A-8F1A-76D0A0E9BB4A}.Release|iPhone.ActiveCfg = Release|iPhone
		{86DBA116-0AE6-483A-8F1A-76D0A0E9BB4A}.Release|iPhone.Build.0 = Release|iPhone
		{86DBA116-0AE6-483A-8F1A-76D0A0E9BB4A}.Release|iPhone.Deploy.0 = Release|iPhone
		{86DBA116-0AE6-483A-8F1A-76D0A0E9BB4A}.Release|iPhoneSimulator.ActiveCfg = Release|iPhoneSimulator
		{86DBA116-0AE6-483A-8F1A-76D0A0E9BB4A}.Release|iPhoneSimulator.Build.0 = Release|iPhoneSimulator
		{86DBA116-0AE6-483A-8F1A-76D0A0E9BB4A}.Release|iPhoneSimulator.Deploy.0 = Release|iPhoneSimulator
		{613704B8-14E5-4FB7-98E5-F36A46C2873E}.Debug|Any CPU.ActiveCfg = Debug|Any CPU
		{613704B8-14E5-4FB7-98E5-F36A46C2873E}.Debug|Any CPU.Build.0 = Debug|Any CPU
		{613704B8-14E5-4FB7-98E5-F36A46C2873E}.Debug|Any CPU.Deploy.0 = Debug|Any CPU
		{613704B8-14E5-4FB7-98E5-F36A46C2873E}.Debug|iPhone.ActiveCfg = Debug|Any CPU
		{613704B8-14E5-4FB7-98E5-F36A46C2873E}.Debug|iPhone.Build.0 = Debug|Any CPU
		{613704B8-14E5-4FB7-98E5-F36A46C2873E}.Debug|iPhone.Deploy.0 = Debug|Any CPU
		{613704B8-14E5-4FB7-98E5-F36A46C2873E}.Debug|iPhoneSimulator.ActiveCfg = Debug|Any CPU
		{613704B8-14E5-4FB7-98E5-F36A46C2873E}.Debug|iPhoneSimulator.Build.0 = Debug|Any CPU
		{613704B8-14E5-4FB7-98E5-F36A46C2873E}.Debug|iPhoneSimulator.Deploy.0 = Debug|Any CPU
		{613704B8-14E5-4FB7-98E5-F36A46C2873E}.Release|Any CPU.ActiveCfg = Release|Any CPU
		{613704B8-14E5-4FB7-98E5-F36A46C2873E}.Release|Any CPU.Build.0 = Release|Any CPU
		{613704B8-14E5-4FB7-98E5-F36A46C2873E}.Release|Any CPU.Deploy.0 = Release|Any CPU
		{613704B8-14E5-4FB7-98E5-F36A46C2873E}.Release|iPhone.ActiveCfg = Release|Any CPU
		{613704B8-14E5-4FB7-98E5-F36A46C2873E}.Release|iPhone.Build.0 = Release|Any CPU
		{613704B8-14E5-4FB7-98E5-F36A46C2873E}.Release|iPhone.Deploy.0 = Release|Any CPU
		{613704B8-14E5-4FB7-98E5-F36A46C2873E}.Release|iPhoneSimulator.ActiveCfg = Release|Any CPU
		{613704B8-14E5-4FB7-98E5-F36A46C2873E}.Release|iPhoneSimulator.Build.0 = Release|Any CPU
		{613704B8-14E5-4FB7-98E5-F36A46C2873E}.Release|iPhoneSimulator.Deploy.0 = Release|Any CPU
		{EDCB2B4C-B670-4266-A7F6-D6A9F7321E29}.Debug|Any CPU.ActiveCfg = Debug|Any CPU
		{EDCB2B4C-B670-4266-A7F6-D6A9F7321E29}.Debug|Any CPU.Build.0 = Debug|Any CPU
		{EDCB2B4C-B670-4266-A7F6-D6A9F7321E29}.Debug|iPhone.ActiveCfg = Debug|Any CPU
		{EDCB2B4C-B670-4266-A7F6-D6A9F7321E29}.Debug|iPhone.Build.0 = Debug|Any CPU
		{EDCB2B4C-B670-4266-A7F6-D6A9F7321E29}.Debug|iPhoneSimulator.ActiveCfg = Debug|Any CPU
		{EDCB2B4C-B670-4266-A7F6-D6A9F7321E29}.Debug|iPhoneSimulator.Build.0 = Debug|Any CPU
		{EDCB2B4C-B670-4266-A7F6-D6A9F7321E29}.Release|Any CPU.ActiveCfg = Release|Any CPU
		{EDCB2B4C-B670-4266-A7F6-D6A9F7321E29}.Release|Any CPU.Build.0 = Release|Any CPU
		{EDCB2B4C-B670-4266-A7F6-D6A9F7321E29}.Release|iPhone.ActiveCfg = Release|Any CPU
		{EDCB2B4C-B670-4266-A7F6-D6A9F7321E29}.Release|iPhone.Build.0 = Release|Any CPU
		{EDCB2B4C-B670-4266-A7F6-D6A9F7321E29}.Release|iPhoneSimulator.ActiveCfg = Release|Any CPU
		{EDCB2B4C-B670-4266-A7F6-D6A9F7321E29}.Release|iPhoneSimulator.Build.0 = Release|Any CPU
		{CAE5FF87-DC2E-4935-9348-6F06BCE9D3DF}.Debug|Any CPU.ActiveCfg = Debug|Any CPU
		{CAE5FF87-DC2E-4935-9348-6F06BCE9D3DF}.Debug|Any CPU.Build.0 = Debug|Any CPU
		{CAE5FF87-DC2E-4935-9348-6F06BCE9D3DF}.Debug|iPhone.ActiveCfg = Debug|Any CPU
		{CAE5FF87-DC2E-4935-9348-6F06BCE9D3DF}.Debug|iPhone.Build.0 = Debug|Any CPU
		{CAE5FF87-DC2E-4935-9348-6F06BCE9D3DF}.Debug|iPhoneSimulator.ActiveCfg = Debug|Any CPU
		{CAE5FF87-DC2E-4935-9348-6F06BCE9D3DF}.Debug|iPhoneSimulator.Build.0 = Debug|Any CPU
		{CAE5FF87-DC2E-4935-9348-6F06BCE9D3DF}.Release|Any CPU.ActiveCfg = Release|Any CPU
		{CAE5FF87-DC2E-4935-9348-6F06BCE9D3DF}.Release|Any CPU.Build.0 = Release|Any CPU
		{CAE5FF87-DC2E-4935-9348-6F06BCE9D3DF}.Release|iPhone.ActiveCfg = Release|Any CPU
		{CAE5FF87-DC2E-4935-9348-6F06BCE9D3DF}.Release|iPhone.Build.0 = Release|Any CPU
		{CAE5FF87-DC2E-4935-9348-6F06BCE9D3DF}.Release|iPhoneSimulator.ActiveCfg = Release|Any CPU
		{CAE5FF87-DC2E-4935-9348-6F06BCE9D3DF}.Release|iPhoneSimulator.Build.0 = Release|Any CPU
	EndGlobalSection
	GlobalSection(SolutionProperties) = preSolution
		HideSolutionNode = FALSE
	EndGlobalSection
	GlobalSection(ExtensibilityGlobals) = postSolution
		SolutionGuid = {386DA9DD-C164-4F16-8AC6-A194FCF23F8C}
	EndGlobalSection
EndGlobal
